# THIS IS AN AUTOGENERATED FILE. DO NOT EDIT THIS FILE DIRECTLY.
# yarn lockfile v1


"@types/aws-lambda@^8.10.92":
  version "8.10.111"
  resolved "https://registry.yarnpkg.com/@types/aws-lambda/-/aws-lambda-8.10.111.tgz#9107c405f3011a5c423b5ac93fbf279439558571"
  integrity sha512-8HR9UjIKmoemEzE2BviVtFkeenxfbizSu8raFjnT2VXxguZZ2JTlNww7INOH7IA0J/zRa3TjOftkYq6hVNkxDA==
