# THIS IS AN AUTOGENERATED FILE. DO NOT EDIT THIS FILE DIRECTLY.
# yarn lockfile v1


"@types/aws-lambda@^8.10.92":
  version "8.10.115"
  resolved "https://registry.yarnpkg.com/@types/aws-lambda/-/aws-lambda-8.10.115.tgz#0b5ba361c8e95430ce25fa8d67640c5ac6c857b6"
  integrity sha512-kCZuFXKLV3y8NjSoaD5+qKTpRWvPz3uh3W/u1uwlw3Mg+MtaStg1NWgjAwUXo/VJDb6n6KF1ljykFNlNwEJ53Q==
