# THIS IS AN AUTOGENERATED FILE. DO NOT EDIT THIS FILE DIRECTLY.
# yarn lockfile v1


"@types/aws-lambda@^8.10.92":
  version "8.10.100"
  resolved "https://registry.yarnpkg.com/@types/aws-lambda/-/aws-lambda-8.10.100.tgz#31442a71c09e0ef08e41b7342d62cf374fa268df"
  integrity sha512-Qldp1LhbgQ4tEHewci0/q5qVRaDr8ylvsYfpitJ+FFixzAHpgitvM2NM449uYWt2tYo/iJy25aSRRUVvwIT+ng==
