{
    "name": "resolvetaskinfo",
    "version": "1.0.0",
    "lockfileVersion": 3,
    "requires": true,
    "packages": {
        "": {
            "name": "resolvetaskinfo",
            "version": "1.0.0",
            "license": "Apache-2.0",
            "dependencies": {
                "@aws-appsync/utils": "^2.1.1",
                "@platelet-app/tracking-types": "^1.0.7"
            },
            "devDependencies": {
                "@types/aws-lambda": "^8.10.161"
            }
        },
        "node_modules/@aws-appsync/utils": {
            "version": "2.1.1",
            "resolved": "https://registry.npmjs.org/@aws-appsync/utils/-/utils-2.1.1.tgz",
            "integrity": "sha512-kAbGH61WKByAy2S2udLMTJo85tWyMXf80G7aKuRR+WLP+smbpGCYt/9RMowvND+EpsDtGS9OkX4TWd46WUA4sg==",
            "license": "Apache-2.0"
        },
        "node_modules/@platelet-app/tracking-types": {
            "version": "1.0.7",
            "resolved": "https://registry.npmjs.org/@platelet-app/tracking-types/-/tracking-types-1.0.7.tgz",
            "integrity": "sha512-lYizIOjpdtCYIJ7KGPp7Z69EId359AeoFCHC+f9X/VzWnFlbXeg9cbSpP+hikADR+7RArhMTb6TYBzIYScJbgQ==",
            "license": "Apache-2.0"
        },
        "node_modules/@types/aws-lambda": {
            "version": "8.10.161",
            "resolved": "https://registry.npmjs.org/@types/aws-lambda/-/aws-lambda-8.10.161.tgz",
            "integrity": "sha512-rUYdp+MQwSFocxIOcSsYSF3YYYC/uUpMbCY/mbO21vGqfrEYvNSoPyKYDj6RhXXpPfS0KstW9RwG3qXh9sL7FQ==",
            "dev": true,
            "license": "MIT"
        }
    }
}
