# THIS IS AN AUTOGENERATED FILE. DO NOT EDIT THIS FILE DIRECTLY.
# yarn lockfile v1


"@aws-crypto/sha256-browser@5.2.0":
  version "5.2.0"
  resolved "https://registry.yarnpkg.com/@aws-crypto/sha256-browser/-/sha256-browser-5.2.0.tgz#153895ef1dba6f9fce38af550e0ef58988eb649e"
  integrity sha512-AXfN/lGotSQwu6HNcEsIASo7kWXZ5HYWvfOmSNKDsEqC4OashTp8alTmaz+F7TC2L083SFv5RdB+qU3Vs1kZqw==
  dependencies:
    "@aws-crypto/sha256-js" "^5.2.0"
    "@aws-crypto/supports-web-crypto" "^5.2.0"
    "@aws-crypto/util" "^5.2.0"
    "@aws-sdk/types" "^3.222.0"
    "@aws-sdk/util-locate-window" "^3.0.0"
    "@smithy/util-utf8" "^2.0.0"
    tslib "^2.6.2"

"@aws-crypto/sha256-js@5.2.0", "@aws-crypto/sha256-js@^5.2.0":
  version "5.2.0"
  resolved "https://registry.yarnpkg.com/@aws-crypto/sha256-js/-/sha256-js-5.2.0.tgz#c4fdb773fdbed9a664fc1a95724e206cf3860042"
  integrity sha512-FFQQyu7edu4ufvIZ+OadFpHHOt+eSTBaYaki44c+akjg7qZg9oOQeLlk77F6tSYqjDAFClrHJk9tMf0HdVyOvA==
  dependencies:
    "@aws-crypto/util" "^5.2.0"
    "@aws-sdk/types" "^3.222.0"
    tslib "^2.6.2"

"@aws-crypto/supports-web-crypto@^5.2.0":
  version "5.2.0"
  resolved "https://registry.yarnpkg.com/@aws-crypto/supports-web-crypto/-/supports-web-crypto-5.2.0.tgz#a1e399af29269be08e695109aa15da0a07b5b5fb"
  integrity sha512-iAvUotm021kM33eCdNfwIN//F77/IADDSs58i+MDaOqFrVjZo9bAal0NK7HurRuWLLpF1iLX7gbWrjHjeo+YFg==
  dependencies:
    tslib "^2.6.2"

"@aws-crypto/util@^5.2.0":
  version "5.2.0"
  resolved "https://registry.yarnpkg.com/@aws-crypto/util/-/util-5.2.0.tgz#71284c9cffe7927ddadac793c14f14886d3876da"
  integrity sha512-4RkU9EsI6ZpBve5fseQlGNUWKMa1RLPQ1dnjnQoe07ldfIzcsGb5hC5W0Dm7u423KWzawlrpbjXBrXCEv9zazQ==
  dependencies:
    "@aws-sdk/types" "^3.222.0"
    "@smithy/util-utf8" "^2.0.0"
    tslib "^2.6.2"

"@aws-sdk/client-ses@^3.830.0":
  version "3.830.0"
  resolved "https://registry.yarnpkg.com/@aws-sdk/client-ses/-/client-ses-3.830.0.tgz#9dffd82d1dd8213254b406f5b7f3d7afeabcde7b"
  integrity sha512-Y2XaJkqHJ7qM4cpCw3YS96fMZgT44mP3HLP+9dU0ct29L+iwf3zhigJGQzakieMdJfuTFZe7Vi6s1RbcWv5v5w==
  dependencies:
    "@aws-crypto/sha256-browser" "5.2.0"
    "@aws-crypto/sha256-js" "5.2.0"
    "@aws-sdk/core" "3.826.0"
    "@aws-sdk/credential-provider-node" "3.830.0"
    "@aws-sdk/middleware-host-header" "3.821.0"
    "@aws-sdk/middleware-logger" "3.821.0"
    "@aws-sdk/middleware-recursion-detection" "3.821.0"
    "@aws-sdk/middleware-user-agent" "3.828.0"
    "@aws-sdk/region-config-resolver" "3.821.0"
    "@aws-sdk/types" "3.821.0"
    "@aws-sdk/util-endpoints" "3.828.0"
    "@aws-sdk/util-user-agent-browser" "3.821.0"
    "@aws-sdk/util-user-agent-node" "3.828.0"
    "@smithy/config-resolver" "^4.1.4"
    "@smithy/core" "^3.5.3"
    "@smithy/fetch-http-handler" "^5.0.4"
    "@smithy/hash-node" "^4.0.4"
    "@smithy/invalid-dependency" "^4.0.4"
    "@smithy/middleware-content-length" "^4.0.4"
    "@smithy/middleware-endpoint" "^4.1.11"
    "@smithy/middleware-retry" "^4.1.12"
    "@smithy/middleware-serde" "^4.0.8"
    "@smithy/middleware-stack" "^4.0.4"
    "@smithy/node-config-provider" "^4.1.3"
    "@smithy/node-http-handler" "^4.0.6"
    "@smithy/protocol-http" "^5.1.2"
    "@smithy/smithy-client" "^4.4.3"
    "@smithy/types" "^4.3.1"
    "@smithy/url-parser" "^4.0.4"
    "@smithy/util-base64" "^4.0.0"
    "@smithy/util-body-length-browser" "^4.0.0"
    "@smithy/util-body-length-node" "^4.0.0"
    "@smithy/util-defaults-mode-browser" "^4.0.19"
    "@smithy/util-defaults-mode-node" "^4.0.19"
    "@smithy/util-endpoints" "^3.0.6"
    "@smithy/util-middleware" "^4.0.4"
    "@smithy/util-retry" "^4.0.5"
    "@smithy/util-utf8" "^4.0.0"
    "@smithy/util-waiter" "^4.0.5"
    tslib "^2.6.2"

"@aws-sdk/client-sso@3.830.0":
  version "3.830.0"
  resolved "https://registry.yarnpkg.com/@aws-sdk/client-sso/-/client-sso-3.830.0.tgz#8cf110602e2bc986e2b3c08163971e467d6c970e"
  integrity sha512-5zCEpfI+zwX2SIa258L+TItNbBoAvQQ6w74qdFM6YJufQ1F9tvwjTX8T+eSTT9nsFIvfYnUaGalWwJVfmJUgVQ==
  dependencies:
    "@aws-crypto/sha256-browser" "5.2.0"
    "@aws-crypto/sha256-js" "5.2.0"
    "@aws-sdk/core" "3.826.0"
    "@aws-sdk/middleware-host-header" "3.821.0"
    "@aws-sdk/middleware-logger" "3.821.0"
    "@aws-sdk/middleware-recursion-detection" "3.821.0"
    "@aws-sdk/middleware-user-agent" "3.828.0"
    "@aws-sdk/region-config-resolver" "3.821.0"
    "@aws-sdk/types" "3.821.0"
    "@aws-sdk/util-endpoints" "3.828.0"
    "@aws-sdk/util-user-agent-browser" "3.821.0"
    "@aws-sdk/util-user-agent-node" "3.828.0"
    "@smithy/config-resolver" "^4.1.4"
    "@smithy/core" "^3.5.3"
    "@smithy/fetch-http-handler" "^5.0.4"
    "@smithy/hash-node" "^4.0.4"
    "@smithy/invalid-dependency" "^4.0.4"
    "@smithy/middleware-content-length" "^4.0.4"
    "@smithy/middleware-endpoint" "^4.1.11"
    "@smithy/middleware-retry" "^4.1.12"
    "@smithy/middleware-serde" "^4.0.8"
    "@smithy/middleware-stack" "^4.0.4"
    "@smithy/node-config-provider" "^4.1.3"
    "@smithy/node-http-handler" "^4.0.6"
    "@smithy/protocol-http" "^5.1.2"
    "@smithy/smithy-client" "^4.4.3"
    "@smithy/types" "^4.3.1"
    "@smithy/url-parser" "^4.0.4"
    "@smithy/util-base64" "^4.0.0"
    "@smithy/util-body-length-browser" "^4.0.0"
    "@smithy/util-body-length-node" "^4.0.0"
    "@smithy/util-defaults-mode-browser" "^4.0.19"
    "@smithy/util-defaults-mode-node" "^4.0.19"
    "@smithy/util-endpoints" "^3.0.6"
    "@smithy/util-middleware" "^4.0.4"
    "@smithy/util-retry" "^4.0.5"
    "@smithy/util-utf8" "^4.0.0"
    tslib "^2.6.2"

"@aws-sdk/core@3.826.0":
  version "3.826.0"
  resolved "https://registry.yarnpkg.com/@aws-sdk/core/-/core-3.826.0.tgz#da55a524e09775b2a97e4b5d12a3137dd68547fa"
  integrity sha512-BGbQYzWj3ps+dblq33FY5tz/SsgJCcXX0zjQlSC07tYvU1jHTUvsefphyig+fY38xZ4wdKjbTop+KUmXUYrOXw==
  dependencies:
    "@aws-sdk/types" "3.821.0"
    "@aws-sdk/xml-builder" "3.821.0"
    "@smithy/core" "^3.5.3"
    "@smithy/node-config-provider" "^4.1.3"
    "@smithy/property-provider" "^4.0.4"
    "@smithy/protocol-http" "^5.1.2"
    "@smithy/signature-v4" "^5.1.2"
    "@smithy/smithy-client" "^4.4.3"
    "@smithy/types" "^4.3.1"
    "@smithy/util-base64" "^4.0.0"
    "@smithy/util-body-length-browser" "^4.0.0"
    "@smithy/util-middleware" "^4.0.4"
    "@smithy/util-utf8" "^4.0.0"
    fast-xml-parser "4.4.1"
    tslib "^2.6.2"

"@aws-sdk/credential-provider-env@3.826.0":
  version "3.826.0"
  resolved "https://registry.yarnpkg.com/@aws-sdk/credential-provider-env/-/credential-provider-env-3.826.0.tgz#213d08a1324a2970a2785151bcb6975b2f88716c"
  integrity sha512-DK3pQY8+iKK3MGDdC3uOZQ2psU01obaKlTYhEwNu4VWzgwQL4Vi3sWj4xSWGEK41vqZxiRLq6fOq7ysRI+qEZA==
  dependencies:
    "@aws-sdk/core" "3.826.0"
    "@aws-sdk/types" "3.821.0"
    "@smithy/property-provider" "^4.0.4"
    "@smithy/types" "^4.3.1"
    tslib "^2.6.2"

"@aws-sdk/credential-provider-http@3.826.0":
  version "3.826.0"
  resolved "https://registry.yarnpkg.com/@aws-sdk/credential-provider-http/-/credential-provider-http-3.826.0.tgz#507591b684b3ed8d24cfa179995c1f93efc914cc"
  integrity sha512-N+IVZBh+yx/9GbMZTKO/gErBi/FYZQtcFRItoLbY+6WU+0cSWyZYfkoeOxHmQV3iX9k65oljERIWUmL9x6OSQg==
  dependencies:
    "@aws-sdk/core" "3.826.0"
    "@aws-sdk/types" "3.821.0"
    "@smithy/fetch-http-handler" "^5.0.4"
    "@smithy/node-http-handler" "^4.0.6"
    "@smithy/property-provider" "^4.0.4"
    "@smithy/protocol-http" "^5.1.2"
    "@smithy/smithy-client" "^4.4.3"
    "@smithy/types" "^4.3.1"
    "@smithy/util-stream" "^4.2.2"
    tslib "^2.6.2"

"@aws-sdk/credential-provider-ini@3.830.0":
  version "3.830.0"
  resolved "https://registry.yarnpkg.com/@aws-sdk/credential-provider-ini/-/credential-provider-ini-3.830.0.tgz#06b75bdd6417f72bd3729f091ea5efdd01f9556d"
  integrity sha512-zeQenzvh8JRY5nULd8izdjVGoCM1tgsVVsrLSwDkHxZTTW0hW/bmOmXfvdaE0wDdomXW7m2CkQDSmP7XdvNXZg==
  dependencies:
    "@aws-sdk/core" "3.826.0"
    "@aws-sdk/credential-provider-env" "3.826.0"
    "@aws-sdk/credential-provider-http" "3.826.0"
    "@aws-sdk/credential-provider-process" "3.826.0"
    "@aws-sdk/credential-provider-sso" "3.830.0"
    "@aws-sdk/credential-provider-web-identity" "3.830.0"
    "@aws-sdk/nested-clients" "3.830.0"
    "@aws-sdk/types" "3.821.0"
    "@smithy/credential-provider-imds" "^4.0.6"
    "@smithy/property-provider" "^4.0.4"
    "@smithy/shared-ini-file-loader" "^4.0.4"
    "@smithy/types" "^4.3.1"
    tslib "^2.6.2"

"@aws-sdk/credential-provider-node@3.830.0":
  version "3.830.0"
  resolved "https://registry.yarnpkg.com/@aws-sdk/credential-provider-node/-/credential-provider-node-3.830.0.tgz#caeab67c0d7c65e14d923ed3f0dd6c7b8f334dba"
  integrity sha512-X/2LrTgwtK1pkWrvofxQBI8VTi6QVLtSMpsKKPPnJQ0vgqC0e4czSIs3ZxiEsOkCBaQ2usXSiKyh0ccsQ6k2OA==
  dependencies:
    "@aws-sdk/credential-provider-env" "3.826.0"
    "@aws-sdk/credential-provider-http" "3.826.0"
    "@aws-sdk/credential-provider-ini" "3.830.0"
    "@aws-sdk/credential-provider-process" "3.826.0"
    "@aws-sdk/credential-provider-sso" "3.830.0"
    "@aws-sdk/credential-provider-web-identity" "3.830.0"
    "@aws-sdk/types" "3.821.0"
    "@smithy/credential-provider-imds" "^4.0.6"
    "@smithy/property-provider" "^4.0.4"
    "@smithy/shared-ini-file-loader" "^4.0.4"
    "@smithy/types" "^4.3.1"
    tslib "^2.6.2"

"@aws-sdk/credential-provider-process@3.826.0":
  version "3.826.0"
  resolved "https://registry.yarnpkg.com/@aws-sdk/credential-provider-process/-/credential-provider-process-3.826.0.tgz#3b7e54994cf04c8ba20a90caf4f79af9f1335ea4"
  integrity sha512-kURrc4amu3NLtw1yZw7EoLNEVhmOMRUTs+chaNcmS+ERm3yK0nKjaJzmKahmwlTQTSl3wJ8jjK7x962VPo+zWw==
  dependencies:
    "@aws-sdk/core" "3.826.0"
    "@aws-sdk/types" "3.821.0"
    "@smithy/property-provider" "^4.0.4"
    "@smithy/shared-ini-file-loader" "^4.0.4"
    "@smithy/types" "^4.3.1"
    tslib "^2.6.2"

"@aws-sdk/credential-provider-sso@3.830.0":
  version "3.830.0"
  resolved "https://registry.yarnpkg.com/@aws-sdk/credential-provider-sso/-/credential-provider-sso-3.830.0.tgz#6fbaf338f109bfa6d04c7f62f06469787b6bb3b6"
  integrity sha512-+VdRpZmfekzpySqZikAKx6l5ndnLGluioIgUG4ZznrButgFD/iogzFtGmBDFB3ZLViX1l4pMXru0zFwJEZT21Q==
  dependencies:
    "@aws-sdk/client-sso" "3.830.0"
    "@aws-sdk/core" "3.826.0"
    "@aws-sdk/token-providers" "3.830.0"
    "@aws-sdk/types" "3.821.0"
    "@smithy/property-provider" "^4.0.4"
    "@smithy/shared-ini-file-loader" "^4.0.4"
    "@smithy/types" "^4.3.1"
    tslib "^2.6.2"

"@aws-sdk/credential-provider-web-identity@3.830.0":
  version "3.830.0"
  resolved "https://registry.yarnpkg.com/@aws-sdk/credential-provider-web-identity/-/credential-provider-web-identity-3.830.0.tgz#c2e9a8c997d3d381688c85591b5d136982639510"
  integrity sha512-hPYrKsZeeOdLROJ59T6Y8yZ0iwC/60L3qhZXjapBFjbqBtMaQiMTI645K6xVXBioA6vxXq7B4aLOhYqk6Fy/Ww==
  dependencies:
    "@aws-sdk/core" "3.826.0"
    "@aws-sdk/nested-clients" "3.830.0"
    "@aws-sdk/types" "3.821.0"
    "@smithy/property-provider" "^4.0.4"
    "@smithy/types" "^4.3.1"
    tslib "^2.6.2"

"@aws-sdk/middleware-host-header@3.821.0":
  version "3.821.0"
  resolved "https://registry.yarnpkg.com/@aws-sdk/middleware-host-header/-/middleware-host-header-3.821.0.tgz#1dfda8da4e0f9499648dab9a989d10706e289cc7"
  integrity sha512-xSMR+sopSeWGx5/4pAGhhfMvGBHioVBbqGvDs6pG64xfNwM5vq5s5v6D04e2i+uSTj4qGa71dLUs5I0UzAK3sw==
  dependencies:
    "@aws-sdk/types" "3.821.0"
    "@smithy/protocol-http" "^5.1.2"
    "@smithy/types" "^4.3.1"
    tslib "^2.6.2"

"@aws-sdk/middleware-logger@3.821.0":
  version "3.821.0"
  resolved "https://registry.yarnpkg.com/@aws-sdk/middleware-logger/-/middleware-logger-3.821.0.tgz#87067907a25cdc6c155d3a35fe32e399c1ef87e6"
  integrity sha512-0cvI0ipf2tGx7fXYEEN5fBeZDz2RnHyb9xftSgUsEq7NBxjV0yTZfLJw6Za5rjE6snC80dRN8+bTNR1tuG89zA==
  dependencies:
    "@aws-sdk/types" "3.821.0"
    "@smithy/types" "^4.3.1"
    tslib "^2.6.2"

"@aws-sdk/middleware-recursion-detection@3.821.0":
  version "3.821.0"
  resolved "https://registry.yarnpkg.com/@aws-sdk/middleware-recursion-detection/-/middleware-recursion-detection-3.821.0.tgz#bc34b08efc1e1af7b14a58023a79bfb75a0b64fa"
  integrity sha512-efmaifbhBoqKG3bAoEfDdcM8hn1psF+4qa7ykWuYmfmah59JBeqHLfz5W9m9JoTwoKPkFcVLWZxnyZzAnVBOIg==
  dependencies:
    "@aws-sdk/types" "3.821.0"
    "@smithy/protocol-http" "^5.1.2"
    "@smithy/types" "^4.3.1"
    tslib "^2.6.2"

"@aws-sdk/middleware-user-agent@3.828.0":
  version "3.828.0"
  resolved "https://registry.yarnpkg.com/@aws-sdk/middleware-user-agent/-/middleware-user-agent-3.828.0.tgz#195ed26c87727fb5f78f9bce5d6ab947f1273dcd"
  integrity sha512-nixvI/SETXRdmrVab4D9LvXT3lrXkwAWGWk2GVvQvzlqN1/M/RfClj+o37Sn4FqRkGH9o9g7Fqb1YqZ4mqDAtA==
  dependencies:
    "@aws-sdk/core" "3.826.0"
    "@aws-sdk/types" "3.821.0"
    "@aws-sdk/util-endpoints" "3.828.0"
    "@smithy/core" "^3.5.3"
    "@smithy/protocol-http" "^5.1.2"
    "@smithy/types" "^4.3.1"
    tslib "^2.6.2"

"@aws-sdk/nested-clients@3.830.0":
  version "3.830.0"
  resolved "https://registry.yarnpkg.com/@aws-sdk/nested-clients/-/nested-clients-3.830.0.tgz#980a555a7bf60cc214802e03f1310cfdfd2fe9c3"
  integrity sha512-5N5YTlBr1vtxf7+t+UaIQ625KEAmm7fY9o1e3MgGOi/paBoI0+axr3ud24qLIy0NSzFlAHEaxUSWxcERNjIoZw==
  dependencies:
    "@aws-crypto/sha256-browser" "5.2.0"
    "@aws-crypto/sha256-js" "5.2.0"
    "@aws-sdk/core" "3.826.0"
    "@aws-sdk/middleware-host-header" "3.821.0"
    "@aws-sdk/middleware-logger" "3.821.0"
    "@aws-sdk/middleware-recursion-detection" "3.821.0"
    "@aws-sdk/middleware-user-agent" "3.828.0"
    "@aws-sdk/region-config-resolver" "3.821.0"
    "@aws-sdk/types" "3.821.0"
    "@aws-sdk/util-endpoints" "3.828.0"
    "@aws-sdk/util-user-agent-browser" "3.821.0"
    "@aws-sdk/util-user-agent-node" "3.828.0"
    "@smithy/config-resolver" "^4.1.4"
    "@smithy/core" "^3.5.3"
    "@smithy/fetch-http-handler" "^5.0.4"
    "@smithy/hash-node" "^4.0.4"
    "@smithy/invalid-dependency" "^4.0.4"
    "@smithy/middleware-content-length" "^4.0.4"
    "@smithy/middleware-endpoint" "^4.1.11"
    "@smithy/middleware-retry" "^4.1.12"
    "@smithy/middleware-serde" "^4.0.8"
    "@smithy/middleware-stack" "^4.0.4"
    "@smithy/node-config-provider" "^4.1.3"
    "@smithy/node-http-handler" "^4.0.6"
    "@smithy/protocol-http" "^5.1.2"
    "@smithy/smithy-client" "^4.4.3"
    "@smithy/types" "^4.3.1"
    "@smithy/url-parser" "^4.0.4"
    "@smithy/util-base64" "^4.0.0"
    "@smithy/util-body-length-browser" "^4.0.0"
    "@smithy/util-body-length-node" "^4.0.0"
    "@smithy/util-defaults-mode-browser" "^4.0.19"
    "@smithy/util-defaults-mode-node" "^4.0.19"
    "@smithy/util-endpoints" "^3.0.6"
    "@smithy/util-middleware" "^4.0.4"
    "@smithy/util-retry" "^4.0.5"
    "@smithy/util-utf8" "^4.0.0"
    tslib "^2.6.2"

"@aws-sdk/region-config-resolver@3.821.0":
  version "3.821.0"
  resolved "https://registry.yarnpkg.com/@aws-sdk/region-config-resolver/-/region-config-resolver-3.821.0.tgz#2f1cd54ca140cbdc821a604d8b20444f9b0b77cf"
  integrity sha512-t8og+lRCIIy5nlId0bScNpCkif8sc0LhmtaKsbm0ZPm3sCa/WhCbSZibjbZ28FNjVCV+p0D9RYZx0VDDbtWyjw==
  dependencies:
    "@aws-sdk/types" "3.821.0"
    "@smithy/node-config-provider" "^4.1.3"
    "@smithy/types" "^4.3.1"
    "@smithy/util-config-provider" "^4.0.0"
    "@smithy/util-middleware" "^4.0.4"
    tslib "^2.6.2"

"@aws-sdk/token-providers@3.830.0":
  version "3.830.0"
  resolved "https://registry.yarnpkg.com/@aws-sdk/token-providers/-/token-providers-3.830.0.tgz#e2717bef393bf450ba9958cea8243aa7e4a27e09"
  integrity sha512-aJ4guFwj92nV9D+EgJPaCFKK0I3y2uMchiDfh69Zqnmwfxxxfxat6F79VA7PS0BdbjRfhLbn+Ghjftnomu2c1g==
  dependencies:
    "@aws-sdk/core" "3.826.0"
    "@aws-sdk/nested-clients" "3.830.0"
    "@aws-sdk/types" "3.821.0"
    "@smithy/property-provider" "^4.0.4"
    "@smithy/shared-ini-file-loader" "^4.0.4"
    "@smithy/types" "^4.3.1"
    tslib "^2.6.2"

"@aws-sdk/types@3.821.0", "@aws-sdk/types@^3.222.0":
  version "3.821.0"
  resolved "https://registry.yarnpkg.com/@aws-sdk/types/-/types-3.821.0.tgz#edfd4595208e4e9f24f397fbc8cb82e3ec336649"
  integrity sha512-Znroqdai1a90TlxGaJ+FK1lwC0fHpo97Xjsp5UKGR5JODYm7f9+/fF17ebO1KdoBr/Rm0UIFiF5VmI8ts9F1eA==
  dependencies:
    "@smithy/types" "^4.3.1"
    tslib "^2.6.2"

"@aws-sdk/util-endpoints@3.828.0":
  version "3.828.0"
  resolved "https://registry.yarnpkg.com/@aws-sdk/util-endpoints/-/util-endpoints-3.828.0.tgz#a02f9c99d9749123fabad38d3b6cd51f4c8489db"
  integrity sha512-RvKch111SblqdkPzg3oCIdlGxlQs+k+P7Etory9FmxPHyPDvsP1j1c74PmgYqtzzMWmoXTjd+c9naUHh9xG8xg==
  dependencies:
    "@aws-sdk/types" "3.821.0"
    "@smithy/types" "^4.3.1"
    "@smithy/util-endpoints" "^3.0.6"
    tslib "^2.6.2"

"@aws-sdk/util-locate-window@^3.0.0":
  version "3.804.0"
  resolved "https://registry.yarnpkg.com/@aws-sdk/util-locate-window/-/util-locate-window-3.804.0.tgz#a2ee8dc5d9c98276986e8e1ba03c0c84d9afb0f5"
  integrity sha512-zVoRfpmBVPodYlnMjgVjfGoEZagyRF5IPn3Uo6ZvOZp24chnW/FRstH7ESDHDDRga4z3V+ElUQHKpFDXWyBW5A==
  dependencies:
    tslib "^2.6.2"

"@aws-sdk/util-user-agent-browser@3.821.0":
  version "3.821.0"
  resolved "https://registry.yarnpkg.com/@aws-sdk/util-user-agent-browser/-/util-user-agent-browser-3.821.0.tgz#32962fd3ae20986da128944b88a231508e017f5b"
  integrity sha512-irWZHyM0Jr1xhC+38OuZ7JB6OXMLPZlj48thElpsO1ZSLRkLZx5+I7VV6k3sp2yZ7BYbKz/G2ojSv4wdm7XTLw==
  dependencies:
    "@aws-sdk/types" "3.821.0"
    "@smithy/types" "^4.3.1"
    bowser "^2.11.0"
    tslib "^2.6.2"

"@aws-sdk/util-user-agent-node@3.828.0":
  version "3.828.0"
  resolved "https://registry.yarnpkg.com/@aws-sdk/util-user-agent-node/-/util-user-agent-node-3.828.0.tgz#f47192429a9407a43c94d7e980c32f330bba4cad"
  integrity sha512-LdN6fTBzTlQmc8O8f1wiZN0qF3yBWVGis7NwpWK7FUEzP9bEZRxYfIkV9oV9zpt6iNRze1SedK3JQVB/udxBoA==
  dependencies:
    "@aws-sdk/middleware-user-agent" "3.828.0"
    "@aws-sdk/types" "3.821.0"
    "@smithy/node-config-provider" "^4.1.3"
    "@smithy/types" "^4.3.1"
    tslib "^2.6.2"

"@aws-sdk/xml-builder@3.821.0":
  version "3.821.0"
  resolved "https://registry.yarnpkg.com/@aws-sdk/xml-builder/-/xml-builder-3.821.0.tgz#ff89bf1276fca41276ed508b9c8ae21978d91177"
  integrity sha512-DIIotRnefVL6DiaHtO6/21DhJ4JZnnIwdNbpwiAhdt/AVbttcE4yw925gsjur0OGv5BTYXQXU3YnANBYnZjuQA==
  dependencies:
    "@smithy/types" "^4.3.1"
    tslib "^2.6.2"

"@smithy/abort-controller@^4.0.4":
  version "4.0.4"
  resolved "https://registry.yarnpkg.com/@smithy/abort-controller/-/abort-controller-4.0.4.tgz#ab991d521fc78b5c7f24907fcd6803c0f2da51d9"
  integrity sha512-gJnEjZMvigPDQWHrW3oPrFhQtkrgqBkyjj3pCIdF3A5M6vsZODG93KNlfJprv6bp4245bdT32fsHK4kkH3KYDA==
  dependencies:
    "@smithy/types" "^4.3.1"
    tslib "^2.6.2"

"@smithy/config-resolver@^4.1.4":
  version "4.1.4"
  resolved "https://registry.yarnpkg.com/@smithy/config-resolver/-/config-resolver-4.1.4.tgz#05d8eab8bb8eb73bec90c222fc19ac5608b1384e"
  integrity sha512-prmU+rDddxHOH0oNcwemL+SwnzcG65sBF2yXRO7aeXIn/xTlq2pX7JLVbkBnVLowHLg4/OL4+jBmv9hVrVGS+w==
  dependencies:
    "@smithy/node-config-provider" "^4.1.3"
    "@smithy/types" "^4.3.1"
    "@smithy/util-config-provider" "^4.0.0"
    "@smithy/util-middleware" "^4.0.4"
    tslib "^2.6.2"

"@smithy/core@^3.5.3":
  version "3.5.3"
  resolved "https://registry.yarnpkg.com/@smithy/core/-/core-3.5.3.tgz#39969839e7cfd656be38fed09951d1691525f8d5"
  integrity sha512-xa5byV9fEguZNofCclv6v9ra0FYh5FATQW/da7FQUVTic94DfrN/NvmKZjrMyzbpqfot9ZjBaO8U1UeTbmSLuA==
  dependencies:
    "@smithy/middleware-serde" "^4.0.8"
    "@smithy/protocol-http" "^5.1.2"
    "@smithy/types" "^4.3.1"
    "@smithy/util-base64" "^4.0.0"
    "@smithy/util-body-length-browser" "^4.0.0"
    "@smithy/util-middleware" "^4.0.4"
    "@smithy/util-stream" "^4.2.2"
    "@smithy/util-utf8" "^4.0.0"
    tslib "^2.6.2"

"@smithy/credential-provider-imds@^4.0.6":
  version "4.0.6"
  resolved "https://registry.yarnpkg.com/@smithy/credential-provider-imds/-/credential-provider-imds-4.0.6.tgz#4cfd79a619cdbc9a75fcdc51a1193685f6a8944e"
  integrity sha512-hKMWcANhUiNbCJouYkZ9V3+/Qf9pteR1dnwgdyzR09R4ODEYx8BbUysHwRSyex4rZ9zapddZhLFTnT4ZijR4pw==
  dependencies:
    "@smithy/node-config-provider" "^4.1.3"
    "@smithy/property-provider" "^4.0.4"
    "@smithy/types" "^4.3.1"
    "@smithy/url-parser" "^4.0.4"
    tslib "^2.6.2"

"@smithy/fetch-http-handler@^5.0.4":
  version "5.0.4"
  resolved "https://registry.yarnpkg.com/@smithy/fetch-http-handler/-/fetch-http-handler-5.0.4.tgz#c68601b4676787e049b5d464d5f4b825dbb44013"
  integrity sha512-AMtBR5pHppYMVD7z7G+OlHHAcgAN7v0kVKEpHuTO4Gb199Gowh0taYi9oDStFeUhetkeP55JLSVlTW1n9rFtUw==
  dependencies:
    "@smithy/protocol-http" "^5.1.2"
    "@smithy/querystring-builder" "^4.0.4"
    "@smithy/types" "^4.3.1"
    "@smithy/util-base64" "^4.0.0"
    tslib "^2.6.2"

"@smithy/hash-node@^4.0.4":
  version "4.0.4"
  resolved "https://registry.yarnpkg.com/@smithy/hash-node/-/hash-node-4.0.4.tgz#f867cfe6b702ed8893aacd3e097f8ca8ecba579e"
  integrity sha512-qnbTPUhCVnCgBp4z4BUJUhOEkVwxiEi1cyFM+Zj6o+aY8OFGxUQleKWq8ltgp3dujuhXojIvJWdoqpm6dVO3lQ==
  dependencies:
    "@smithy/types" "^4.3.1"
    "@smithy/util-buffer-from" "^4.0.0"
    "@smithy/util-utf8" "^4.0.0"
    tslib "^2.6.2"

"@smithy/invalid-dependency@^4.0.4":
  version "4.0.4"
  resolved "https://registry.yarnpkg.com/@smithy/invalid-dependency/-/invalid-dependency-4.0.4.tgz#8c2c539b2f22e857b4652bd2427a3d7a8befd610"
  integrity sha512-bNYMi7WKTJHu0gn26wg8OscncTt1t2b8KcsZxvOv56XA6cyXtOAAAaNP7+m45xfppXfOatXF3Sb1MNsLUgVLTw==
  dependencies:
    "@smithy/types" "^4.3.1"
    tslib "^2.6.2"

"@smithy/is-array-buffer@^2.2.0":
  version "2.2.0"
  resolved "https://registry.yarnpkg.com/@smithy/is-array-buffer/-/is-array-buffer-2.2.0.tgz#f84f0d9f9a36601a9ca9381688bd1b726fd39111"
  integrity sha512-GGP3O9QFD24uGeAXYUjwSTXARoqpZykHadOmA8G5vfJPK0/DC67qa//0qvqrJzL1xc8WQWX7/yc7fwudjPHPhA==
  dependencies:
    tslib "^2.6.2"

"@smithy/is-array-buffer@^4.0.0":
  version "4.0.0"
  resolved "https://registry.yarnpkg.com/@smithy/is-array-buffer/-/is-array-buffer-4.0.0.tgz#55a939029321fec462bcc574890075cd63e94206"
  integrity sha512-saYhF8ZZNoJDTvJBEWgeBccCg+yvp1CX+ed12yORU3NilJScfc6gfch2oVb4QgxZrGUx3/ZJlb+c/dJbyupxlw==
  dependencies:
    tslib "^2.6.2"

"@smithy/middleware-content-length@^4.0.4":
  version "4.0.4"
  resolved "https://registry.yarnpkg.com/@smithy/middleware-content-length/-/middleware-content-length-4.0.4.tgz#fad1f125779daf8d5f261dae6dbebba0f60c234b"
  integrity sha512-F7gDyfI2BB1Kc+4M6rpuOLne5LOcEknH1n6UQB69qv+HucXBR1rkzXBnQTB2q46sFy1PM/zuSJOB532yc8bg3w==
  dependencies:
    "@smithy/protocol-http" "^5.1.2"
    "@smithy/types" "^4.3.1"
    tslib "^2.6.2"

"@smithy/middleware-endpoint@^4.1.11":
  version "4.1.11"
  resolved "https://registry.yarnpkg.com/@smithy/middleware-endpoint/-/middleware-endpoint-4.1.11.tgz#bf23781c55cc3768c5d0f8866d2428bbce786bb4"
  integrity sha512-zDogwtRLzKl58lVS8wPcARevFZNBOOqnmzWWxVe9XiaXU2CADFjvJ9XfNibgkOWs08sxLuSr81NrpY4mgp9OwQ==
  dependencies:
    "@smithy/core" "^3.5.3"
    "@smithy/middleware-serde" "^4.0.8"
    "@smithy/node-config-provider" "^4.1.3"
    "@smithy/shared-ini-file-loader" "^4.0.4"
    "@smithy/types" "^4.3.1"
    "@smithy/url-parser" "^4.0.4"
    "@smithy/util-middleware" "^4.0.4"
    tslib "^2.6.2"

"@smithy/middleware-retry@^4.1.12":
  version "4.1.12"
  resolved "https://registry.yarnpkg.com/@smithy/middleware-retry/-/middleware-retry-4.1.12.tgz#4d0b60bba95201539c99911c0a36f9275d973802"
  integrity sha512-wvIH70c4e91NtRxdaLZF+mbLZ/HcC6yg7ySKUiufL6ESp6zJUSnJucZ309AvG9nqCFHSRB5I6T3Ez1Q9wCh0Ww==
  dependencies:
    "@smithy/node-config-provider" "^4.1.3"
    "@smithy/protocol-http" "^5.1.2"
    "@smithy/service-error-classification" "^4.0.5"
    "@smithy/smithy-client" "^4.4.3"
    "@smithy/types" "^4.3.1"
    "@smithy/util-middleware" "^4.0.4"
    "@smithy/util-retry" "^4.0.5"
    tslib "^2.6.2"
    uuid "^9.0.1"

"@smithy/middleware-serde@^4.0.8":
  version "4.0.8"
  resolved "https://registry.yarnpkg.com/@smithy/middleware-serde/-/middleware-serde-4.0.8.tgz#3704c8cc46acd0a7f910a78ee1d2f23ce928701f"
  integrity sha512-iSSl7HJoJaGyMIoNn2B7czghOVwJ9nD7TMvLhMWeSB5vt0TnEYyRRqPJu/TqW76WScaNvYYB8nRoiBHR9S1Ddw==
  dependencies:
    "@smithy/protocol-http" "^5.1.2"
    "@smithy/types" "^4.3.1"
    tslib "^2.6.2"

"@smithy/middleware-stack@^4.0.4":
  version "4.0.4"
  resolved "https://registry.yarnpkg.com/@smithy/middleware-stack/-/middleware-stack-4.0.4.tgz#58e0c6a0d7678c6ad4d6af8dd9a00f749ffac7c5"
  integrity sha512-kagK5ggDrBUCCzI93ft6DjteNSfY8Ulr83UtySog/h09lTIOAJ/xUSObutanlPT0nhoHAkpmW9V5K8oPyLh+QA==
  dependencies:
    "@smithy/types" "^4.3.1"
    tslib "^2.6.2"

"@smithy/node-config-provider@^4.1.3":
  version "4.1.3"
  resolved "https://registry.yarnpkg.com/@smithy/node-config-provider/-/node-config-provider-4.1.3.tgz#6626fe26c6fe7b0df34f71cb72764ccba414a815"
  integrity sha512-HGHQr2s59qaU1lrVH6MbLlmOBxadtzTsoO4c+bF5asdgVik3I8o7JIOzoeqWc5MjVa+vD36/LWE0iXKpNqooRw==
  dependencies:
    "@smithy/property-provider" "^4.0.4"
    "@smithy/shared-ini-file-loader" "^4.0.4"
    "@smithy/types" "^4.3.1"
    tslib "^2.6.2"

"@smithy/node-http-handler@^4.0.6":
  version "4.0.6"
  resolved "https://registry.yarnpkg.com/@smithy/node-http-handler/-/node-http-handler-4.0.6.tgz#a022da499ba3af4b6b4c815104fde973c0eccc40"
  integrity sha512-NqbmSz7AW2rvw4kXhKGrYTiJVDHnMsFnX4i+/FzcZAfbOBauPYs2ekuECkSbtqaxETLLTu9Rl/ex6+I2BKErPA==
  dependencies:
    "@smithy/abort-controller" "^4.0.4"
    "@smithy/protocol-http" "^5.1.2"
    "@smithy/querystring-builder" "^4.0.4"
    "@smithy/types" "^4.3.1"
    tslib "^2.6.2"

"@smithy/property-provider@^4.0.4":
  version "4.0.4"
  resolved "https://registry.yarnpkg.com/@smithy/property-provider/-/property-provider-4.0.4.tgz#303a8fd99665fff61eeb6ec3922eee53838962c5"
  integrity sha512-qHJ2sSgu4FqF4U/5UUp4DhXNmdTrgmoAai6oQiM+c5RZ/sbDwJ12qxB1M6FnP+Tn/ggkPZf9ccn4jqKSINaquw==
  dependencies:
    "@smithy/types" "^4.3.1"
    tslib "^2.6.2"

"@smithy/protocol-http@^5.1.2":
  version "5.1.2"
  resolved "https://registry.yarnpkg.com/@smithy/protocol-http/-/protocol-http-5.1.2.tgz#8094860c2407f250b80c95899e0385112d6eb98b"
  integrity sha512-rOG5cNLBXovxIrICSBm95dLqzfvxjEmuZx4KK3hWwPFHGdW3lxY0fZNXfv2zebfRO7sJZ5pKJYHScsqopeIWtQ==
  dependencies:
    "@smithy/types" "^4.3.1"
    tslib "^2.6.2"

"@smithy/querystring-builder@^4.0.4":
  version "4.0.4"
  resolved "https://registry.yarnpkg.com/@smithy/querystring-builder/-/querystring-builder-4.0.4.tgz#f7546efd59d457b3d2525a330c6137e5f907864c"
  integrity sha512-SwREZcDnEYoh9tLNgMbpop+UTGq44Hl9tdj3rf+yeLcfH7+J8OXEBaMc2kDxtyRHu8BhSg9ADEx0gFHvpJgU8w==
  dependencies:
    "@smithy/types" "^4.3.1"
    "@smithy/util-uri-escape" "^4.0.0"
    tslib "^2.6.2"

"@smithy/querystring-parser@^4.0.4":
  version "4.0.4"
  resolved "https://registry.yarnpkg.com/@smithy/querystring-parser/-/querystring-parser-4.0.4.tgz#307ab95ee5f1a142ab46c2eddebeae68cb2f703d"
  integrity sha512-6yZf53i/qB8gRHH/l2ZwUG5xgkPgQF15/KxH0DdXMDHjesA9MeZje/853ifkSY0x4m5S+dfDZ+c4x439PF0M2w==
  dependencies:
    "@smithy/types" "^4.3.1"
    tslib "^2.6.2"

"@smithy/service-error-classification@^4.0.5":
  version "4.0.5"
  resolved "https://registry.yarnpkg.com/@smithy/service-error-classification/-/service-error-classification-4.0.5.tgz#cd912cdd0510de9369db6a4d34dc36f36de54a59"
  integrity sha512-LvcfhrnCBvCmTee81pRlh1F39yTS/+kYleVeLCwNtkY8wtGg8V/ca9rbZZvYIl8OjlMtL6KIjaiL/lgVqHD2nA==
  dependencies:
    "@smithy/types" "^4.3.1"

"@smithy/shared-ini-file-loader@^4.0.4":
  version "4.0.4"
  resolved "https://registry.yarnpkg.com/@smithy/shared-ini-file-loader/-/shared-ini-file-loader-4.0.4.tgz#33c63468b95cfd5e7d642c8131d7acc034025e00"
  integrity sha512-63X0260LoFBjrHifPDs+nM9tV0VMkOTl4JRMYNuKh/f5PauSjowTfvF3LogfkWdcPoxsA9UjqEOgjeYIbhb7Nw==
  dependencies:
    "@smithy/types" "^4.3.1"
    tslib "^2.6.2"

"@smithy/signature-v4@^5.1.2":
  version "5.1.2"
  resolved "https://registry.yarnpkg.com/@smithy/signature-v4/-/signature-v4-5.1.2.tgz#5afd9d428bd26bb660bee8075b6e89fe93600c22"
  integrity sha512-d3+U/VpX7a60seHziWnVZOHuEgJlclufjkS6zhXvxcJgkJq4UWdH5eOBLzHRMx6gXjsdT9h6lfpmLzbrdupHgQ==
  dependencies:
    "@smithy/is-array-buffer" "^4.0.0"
    "@smithy/protocol-http" "^5.1.2"
    "@smithy/types" "^4.3.1"
    "@smithy/util-hex-encoding" "^4.0.0"
    "@smithy/util-middleware" "^4.0.4"
    "@smithy/util-uri-escape" "^4.0.0"
    "@smithy/util-utf8" "^4.0.0"
    tslib "^2.6.2"

"@smithy/smithy-client@^4.4.3":
  version "4.4.3"
  resolved "https://registry.yarnpkg.com/@smithy/smithy-client/-/smithy-client-4.4.3.tgz#37499b5bdec39d9a738f3ac1566a49bcb5cad255"
  integrity sha512-xxzNYgA0HD6ETCe5QJubsxP0hQH3QK3kbpJz3QrosBCuIWyEXLR/CO5hFb2OeawEKUxMNhz3a1nuJNN2np2RMA==
  dependencies:
    "@smithy/core" "^3.5.3"
    "@smithy/middleware-endpoint" "^4.1.11"
    "@smithy/middleware-stack" "^4.0.4"
    "@smithy/protocol-http" "^5.1.2"
    "@smithy/types" "^4.3.1"
    "@smithy/util-stream" "^4.2.2"
    tslib "^2.6.2"

"@smithy/types@^4.3.1":
  version "4.3.1"
  resolved "https://registry.yarnpkg.com/@smithy/types/-/types-4.3.1.tgz#c11276ea16235d798f47a68aef9f44d3dbb70dd4"
  integrity sha512-UqKOQBL2x6+HWl3P+3QqFD4ncKq0I8Nuz9QItGv5WuKuMHuuwlhvqcZCoXGfc+P1QmfJE7VieykoYYmrOoFJxA==
  dependencies:
    tslib "^2.6.2"

"@smithy/url-parser@^4.0.4":
  version "4.0.4"
  resolved "https://registry.yarnpkg.com/@smithy/url-parser/-/url-parser-4.0.4.tgz#049143f4c156356e177bd69242675db26fe4f4db"
  integrity sha512-eMkc144MuN7B0TDA4U2fKs+BqczVbk3W+qIvcoCY6D1JY3hnAdCuhCZODC+GAeaxj0p6Jroz4+XMUn3PCxQQeQ==
  dependencies:
    "@smithy/querystring-parser" "^4.0.4"
    "@smithy/types" "^4.3.1"
    tslib "^2.6.2"

"@smithy/util-base64@^4.0.0":
  version "4.0.0"
  resolved "https://registry.yarnpkg.com/@smithy/util-base64/-/util-base64-4.0.0.tgz#8345f1b837e5f636e5f8470c4d1706ae0c6d0358"
  integrity sha512-CvHfCmO2mchox9kjrtzoHkWHxjHZzaFojLc8quxXY7WAAMAg43nuxwv95tATVgQFNDwd4M9S1qFzj40Ul41Kmg==
  dependencies:
    "@smithy/util-buffer-from" "^4.0.0"
    "@smithy/util-utf8" "^4.0.0"
    tslib "^2.6.2"

"@smithy/util-body-length-browser@^4.0.0":
  version "4.0.0"
  resolved "https://registry.yarnpkg.com/@smithy/util-body-length-browser/-/util-body-length-browser-4.0.0.tgz#965d19109a4b1e5fe7a43f813522cce718036ded"
  integrity sha512-sNi3DL0/k64/LO3A256M+m3CDdG6V7WKWHdAiBBMUN8S3hK3aMPhwnPik2A/a2ONN+9doY9UxaLfgqsIRg69QA==
  dependencies:
    tslib "^2.6.2"

"@smithy/util-body-length-node@^4.0.0":
  version "4.0.0"
  resolved "https://registry.yarnpkg.com/@smithy/util-body-length-node/-/util-body-length-node-4.0.0.tgz#3db245f6844a9b1e218e30c93305bfe2ffa473b3"
  integrity sha512-q0iDP3VsZzqJyje8xJWEJCNIu3lktUGVoSy1KB0UWym2CL1siV3artm+u1DFYTLejpsrdGyCSWBdGNjJzfDPjg==
  dependencies:
    tslib "^2.6.2"

"@smithy/util-buffer-from@^2.2.0":
  version "2.2.0"
  resolved "https://registry.yarnpkg.com/@smithy/util-buffer-from/-/util-buffer-from-2.2.0.tgz#6fc88585165ec73f8681d426d96de5d402021e4b"
  integrity sha512-IJdWBbTcMQ6DA0gdNhh/BwrLkDR+ADW5Kr1aZmd4k3DIF6ezMV4R2NIAmT08wQJ3yUK82thHWmC/TnK/wpMMIA==
  dependencies:
    "@smithy/is-array-buffer" "^2.2.0"
    tslib "^2.6.2"

"@smithy/util-buffer-from@^4.0.0":
  version "4.0.0"
  resolved "https://registry.yarnpkg.com/@smithy/util-buffer-from/-/util-buffer-from-4.0.0.tgz#b23b7deb4f3923e84ef50c8b2c5863d0dbf6c0b9"
  integrity sha512-9TOQ7781sZvddgO8nxueKi3+yGvkY35kotA0Y6BWRajAv8jjmigQ1sBwz0UX47pQMYXJPahSKEKYFgt+rXdcug==
  dependencies:
    "@smithy/is-array-buffer" "^4.0.0"
    tslib "^2.6.2"

"@smithy/util-config-provider@^4.0.0":
  version "4.0.0"
  resolved "https://registry.yarnpkg.com/@smithy/util-config-provider/-/util-config-provider-4.0.0.tgz#e0c7c8124c7fba0b696f78f0bd0ccb060997d45e"
  integrity sha512-L1RBVzLyfE8OXH+1hsJ8p+acNUSirQnWQ6/EgpchV88G6zGBTDPdXiiExei6Z1wR2RxYvxY/XLw6AMNCCt8H3w==
  dependencies:
    tslib "^2.6.2"

"@smithy/util-defaults-mode-browser@^4.0.19":
  version "4.0.19"
  resolved "https://registry.yarnpkg.com/@smithy/util-defaults-mode-browser/-/util-defaults-mode-browser-4.0.19.tgz#4deaa41201458d353166ab05ffa465b30898d671"
  integrity sha512-mvLMh87xSmQrV5XqnUYEPoiFFeEGYeAKIDDKdhE2ahqitm8OHM3aSvhqL6rrK6wm1brIk90JhxDf5lf2hbrLbQ==
  dependencies:
    "@smithy/property-provider" "^4.0.4"
    "@smithy/smithy-client" "^4.4.3"
    "@smithy/types" "^4.3.1"
    bowser "^2.11.0"
    tslib "^2.6.2"

"@smithy/util-defaults-mode-node@^4.0.19":
  version "4.0.19"
  resolved "https://registry.yarnpkg.com/@smithy/util-defaults-mode-node/-/util-defaults-mode-node-4.0.19.tgz#4150b5c807ca90cac7e40a5d29f2e30e3cdb1f34"
  integrity sha512-8tYnx+LUfj6m+zkUUIrIQJxPM1xVxfRBvoGHua7R/i6qAxOMjqR6CpEpDwKoIs1o0+hOjGvkKE23CafKL0vJ9w==
  dependencies:
    "@smithy/config-resolver" "^4.1.4"
    "@smithy/credential-provider-imds" "^4.0.6"
    "@smithy/node-config-provider" "^4.1.3"
    "@smithy/property-provider" "^4.0.4"
    "@smithy/smithy-client" "^4.4.3"
    "@smithy/types" "^4.3.1"
    tslib "^2.6.2"

"@smithy/util-endpoints@^3.0.6":
  version "3.0.6"
  resolved "https://registry.yarnpkg.com/@smithy/util-endpoints/-/util-endpoints-3.0.6.tgz#a24b0801a1b94c0de26ad83da206b9add68117f2"
  integrity sha512-YARl3tFL3WgPuLzljRUnrS2ngLiUtkwhQtj8PAL13XZSyUiNLQxwG3fBBq3QXFqGFUXepIN73pINp3y8c2nBmA==
  dependencies:
    "@smithy/node-config-provider" "^4.1.3"
    "@smithy/types" "^4.3.1"
    tslib "^2.6.2"

"@smithy/util-hex-encoding@^4.0.0":
  version "4.0.0"
  resolved "https://registry.yarnpkg.com/@smithy/util-hex-encoding/-/util-hex-encoding-4.0.0.tgz#dd449a6452cffb37c5b1807ec2525bb4be551e8d"
  integrity sha512-Yk5mLhHtfIgW2W2WQZWSg5kuMZCVbvhFmC7rV4IO2QqnZdbEFPmQnCcGMAX2z/8Qj3B9hYYNjZOhWym+RwhePw==
  dependencies:
    tslib "^2.6.2"

"@smithy/util-middleware@^4.0.4":
  version "4.0.4"
  resolved "https://registry.yarnpkg.com/@smithy/util-middleware/-/util-middleware-4.0.4.tgz#8f639de049082c687841ea5e69c6c36e12e31a3c"
  integrity sha512-9MLKmkBmf4PRb0ONJikCbCwORACcil6gUWojwARCClT7RmLzF04hUR4WdRprIXal7XVyrddadYNfp2eF3nrvtQ==
  dependencies:
    "@smithy/types" "^4.3.1"
    tslib "^2.6.2"

"@smithy/util-retry@^4.0.5":
  version "4.0.5"
  resolved "https://registry.yarnpkg.com/@smithy/util-retry/-/util-retry-4.0.5.tgz#58eea5bb1869745dac28a3f81a5904f225ec1207"
  integrity sha512-V7MSjVDTlEt/plmOFBn1762Dyu5uqMrV2Pl2X0dYk4XvWfdWJNe9Bs5Bzb56wkCuiWjSfClVMGcsuKrGj7S/yg==
  dependencies:
    "@smithy/service-error-classification" "^4.0.5"
    "@smithy/types" "^4.3.1"
    tslib "^2.6.2"

"@smithy/util-stream@^4.2.2":
  version "4.2.2"
  resolved "https://registry.yarnpkg.com/@smithy/util-stream/-/util-stream-4.2.2.tgz#beeb1edf690db9b7d7983f46ca4fb66e22253608"
  integrity sha512-aI+GLi7MJoVxg24/3J1ipwLoYzgkB4kUfogZfnslcYlynj3xsQ0e7vk4TnTro9hhsS5PvX1mwmkRqqHQjwcU7w==
  dependencies:
    "@smithy/fetch-http-handler" "^5.0.4"
    "@smithy/node-http-handler" "^4.0.6"
    "@smithy/types" "^4.3.1"
    "@smithy/util-base64" "^4.0.0"
    "@smithy/util-buffer-from" "^4.0.0"
    "@smithy/util-hex-encoding" "^4.0.0"
    "@smithy/util-utf8" "^4.0.0"
    tslib "^2.6.2"

"@smithy/util-uri-escape@^4.0.0":
  version "4.0.0"
  resolved "https://registry.yarnpkg.com/@smithy/util-uri-escape/-/util-uri-escape-4.0.0.tgz#a96c160c76f3552458a44d8081fade519d214737"
  integrity sha512-77yfbCbQMtgtTylO9itEAdpPXSog3ZxMe09AEhm0dU0NLTalV70ghDZFR+Nfi1C60jnJoh/Re4090/DuZh2Omg==
  dependencies:
    tslib "^2.6.2"

"@smithy/util-utf8@^2.0.0":
  version "2.3.0"
  resolved "https://registry.yarnpkg.com/@smithy/util-utf8/-/util-utf8-2.3.0.tgz#dd96d7640363259924a214313c3cf16e7dd329c5"
  integrity sha512-R8Rdn8Hy72KKcebgLiv8jQcQkXoLMOGGv5uI1/k0l+snqkOzQ1R0ChUBCxWMlBsFMekWjq0wRudIweFs7sKT5A==
  dependencies:
    "@smithy/util-buffer-from" "^2.2.0"
    tslib "^2.6.2"

"@smithy/util-utf8@^4.0.0":
  version "4.0.0"
  resolved "https://registry.yarnpkg.com/@smithy/util-utf8/-/util-utf8-4.0.0.tgz#09ca2d9965e5849e72e347c130f2a29d5c0c863c"
  integrity sha512-b+zebfKCfRdgNJDknHCob3O7FpeYQN6ZG6YLExMcasDHsCXlsXCEuiPZeLnJLpwa5dvPetGlnGCiMHuLwGvFow==
  dependencies:
    "@smithy/util-buffer-from" "^4.0.0"
    tslib "^2.6.2"

"@smithy/util-waiter@^4.0.5":
  version "4.0.5"
  resolved "https://registry.yarnpkg.com/@smithy/util-waiter/-/util-waiter-4.0.5.tgz#cc7c65c86f5f8330445e27f9cc47d42c53c69bb7"
  integrity sha512-4QvC49HTteI1gfemu0I1syWovJgPvGn7CVUoN9ZFkdvr/cCFkrEL7qNCdx/2eICqDWEGnnr68oMdSIPCLAriSQ==
  dependencies:
    "@smithy/abort-controller" "^4.0.4"
    "@smithy/types" "^4.3.1"
    tslib "^2.6.2"

"@types/aws-lambda@^8.10.92":
  version "8.10.125"
  resolved "https://registry.yarnpkg.com/@types/aws-lambda/-/aws-lambda-8.10.125.tgz#c2ba86f7d98fe1827a7b048e0d31a65a8b5aed8c"
  integrity sha512-Vqw/WMlV4O1fJT6capim01v7VLDZkcX1n6Yhb52E7IfnMqYbNfwHfyDV8rRN42NLBtdDvfaqcCqs2K0fr5ljZw==

bowser@^2.11.0:
  version "2.11.0"
  resolved "https://registry.yarnpkg.com/bowser/-/bowser-2.11.0.tgz#5ca3c35757a7aa5771500c70a73a9f91ef420a8f"
  integrity sha512-AlcaJBi/pqqJBIQ8U9Mcpc9i8Aqxn88Skv5d+xBX006BY5u8N3mGLHa5Lgppa7L/HfwgwLgZ6NYs+Ag6uUmJRA==

fast-xml-parser@4.4.1:
  version "4.4.1"
  resolved "https://registry.yarnpkg.com/fast-xml-parser/-/fast-xml-parser-4.4.1.tgz#86dbf3f18edf8739326447bcaac31b4ae7f6514f"
  integrity sha512-xkjOecfnKGkSsOwtZ5Pz7Us/T6mrbPQrq0nh+aCO5V9nk5NLWmasAHumTKjiPJPWANe+kAZ84Jc8ooJkzZ88Sw==
  dependencies:
    strnum "^1.0.5"

strnum@^1.0.5:
  version "1.1.2"
  resolved "https://registry.yarnpkg.com/strnum/-/strnum-1.1.2.tgz#57bca4fbaa6f271081715dbc9ed7cee5493e28e4"
  integrity sha512-vrN+B7DBIoTTZjnPNewwhx6cBA/H+IS7rfW68n7XxC1y7uoiGQBxaKzqucGUgavX15dJgiGztLJ8vxuEzwqBdA==

tslib@^2.6.2:
  version "2.8.1"
  resolved "https://registry.yarnpkg.com/tslib/-/tslib-2.8.1.tgz#612efe4ed235d567e8aba5f2a5fab70280ade83f"
  integrity sha512-oJFu94HQb+KVduSUQL7wnpmqnfmLsOA/nAh6b6EH0wCEoK0/mPeXU6c3wKDV83MkOuHPRHtSXKKU99IBazS/2w==

uuid@^9.0.1:
  version "9.0.1"
  resolved "https://registry.yarnpkg.com/uuid/-/uuid-9.0.1.tgz#e188d4c8853cc722220392c424cd637f32293f30"
  integrity sha512-b+1eJOlsR9K8HJpow9Ok3fiWOWSIcIzXodvv0rQjVoOVNpWMpxf1wZNpt4y9h10odCNrqnYp1OBzRktckBe3sA==
